
Microsoft Visual Studio Solution File, Format Version 12.00
# Visual Studio Version 17
VisualStudioVersion = 17.9.34616.47
MinimumVisualStudioVersion = 10.0.40219.1
Project("{2150E333-8FDC-42A3-9474-1A3956D46DE8}") = "Application", "Application", "{0435BEEF-E362-4336-9CEF-568A3481260A}"
EndProject
Project("{2150E333-8FDC-42A3-9474-1A3956D46DE8}") = "Domain", "Domain", "{DF0B7A9F-F942-4F16-8BC7-6BD464123D67}"
EndProject
Project("{2150E333-8FDC-42A3-9474-1A3956D46DE8}") = "Infraestructure", "Infraestructure", "{2200CFBD-EA31-4C28-AD42-7EF1A1B20FB3}"
EndProject
Project("{2150E333-8FDC-42A3-9474-1A3956D46DE8}") = "Services", "Services", "{544FF4C1-1B33-4B7A-96ED-119D9B0A80C5}"
EndProject
Project("{2150E333-8FDC-42A3-9474-1A3956D46DE8}") = "Utilities", "Utilities", "{90F17947-5B3F-49E6-BF8A-DA7257C349EF}"
EndProject
Project("{FAE04EC0-301F-11D3-BF4B-00C04F79EFBC}") = "PROYECTOCLINICAL.Domain", "src\PROYECTOCLINICAL.Domain\PROYECTOCLINICAL.Domain.csproj", "{44A85156-FFED-4285-9539-864F02409B62}"
EndProject
Project("{FAE04EC0-301F-11D3-BF4B-00C04F79EFBC}") = "PROYECTOCLINICAL.Infraestructure", "src\CLINICALPROYECTO.Infraestructure\PROYECTOCLINICAL.Infraestructure.csproj", "{F0234A57-BF81-4807-B334-6B445D659446}"
EndProject
Project("{FAE04EC0-301F-11D3-BF4B-00C04F79EFBC}") = "PROYECTOCLINICAL.Persistence", "src\PROYECTOCLINICAL.Persistence\PROYECTOCLINICAL.Persistence.csproj", "{8AD95AC9-CB2E-4923-AF34-A406C7344653}"
EndProject
Project("{FAE04EC0-301F-11D3-BF4B-00C04F79EFBC}") = "PROYECTOCLINICAL.Application.Dtos", "src\PROYECTOCLINICAL.Application\PROYECTOCLINICAL.Application.Dtos.csproj", "{6F6221B5-8D10-4CC5-9B8A-D3B2F648023D}"
EndProject
Project("{FAE04EC0-301F-11D3-BF4B-00C04F79EFBC}") = "PROYECTOCLINICAL.Application.Interface", "src\PROYECTOCLINICAL.Application.Interface\PROYECTOCLINICAL.Application.Interface.csproj", "{0E785B96-43C8-487F-B709-2F3F8DD9B34F}"
EndProject
Project("{FAE04EC0-301F-11D3-BF4B-00C04F79EFBC}") = "PROYECTOCLINICAL.Application.UseCase", "src\PROYECTOCLINICAL.Application.UseCase\PROYECTOCLINICAL.Application.UseCase.csproj", "{54E87A63-A1D5-4AC1-981B-8BC59DC7FB6E}"
EndProject
Project("{FAE04EC0-301F-11D3-BF4B-00C04F79EFBC}") = "PROYECTOCLINICAL.Api", "src\PROYECTOCLINICAL.Api\PROYECTOCLINICAL.Api.csproj", "{D0DE941A-99B4-4E99-BDDF-8A55ADDCE668}"
EndProject
Project("{FAE04EC0-301F-11D3-BF4B-00C04F79EFBC}") = "PROYECTOCLINICAL.Utilities", "src\PROYECTOCLINICAL.Utilities\PROYECTOCLINICAL.Utilities.csproj", "{2DF66893-5520-43F8-9245-684F2C0D569D}"
EndProject
Global
	GlobalSection(SolutionConfigurationPlatforms) = preSolution
		Debug|Any CPU = Debug|Any CPU
		Release|Any CPU = Release|Any CPU
	EndGlobalSection
	GlobalSection(ProjectConfigurationPlatforms) = postSolution
		{44A85156-FFED-4285-9539-864F02409B62}.Debug|Any CPU.ActiveCfg = Debug|Any CPU
		{44A85156-FFED-4285-9539-864F02409B62}.Debug|Any CPU.Build.0 = Debug|Any CPU
		{44A85156-FFED-4285-9539-864F02409B62}.Release|Any CPU.ActiveCfg = Release|Any CPU
		{44A85156-FFED-4285-9539-864F02409B62}.Release|Any CPU.Build.0 = Release|Any CPU
		{F0234A57-BF81-4807-B334-6B445D659446}.Debug|Any CPU.ActiveCfg = Debug|Any CPU
		{F0234A57-BF81-4807-B334-6B445D659446}.Debug|Any CPU.Build.0 = Debug|Any CPU
		{F0234A57-BF81-4807-B334-6B445D659446}.Release|Any CPU.ActiveCfg = Release|Any CPU
		{F0234A57-BF81-4807-B334-6B445D659446}.Release|Any CPU.Build.0 = Release|Any CPU
		{8AD95AC9-CB2E-4923-AF34-A406C7344653}.Debug|Any CPU.ActiveCfg = Debug|Any CPU
		{8AD95AC9-CB2E-4923-AF34-A406C7344653}.Debug|Any CPU.Build.0 = Debug|Any CPU
		{8AD95AC9-CB2E-4923-AF34-A406C7344653}.Release|Any CPU.ActiveCfg = Release|Any CPU
		{8AD95AC9-CB2E-4923-AF34-A406C7344653}.Release|Any CPU.Build.0 = Release|Any CPU
		{6F6221B5-8D10-4CC5-9B8A-D3B2F648023D}.Debug|Any CPU.ActiveCfg = Debug|Any CPU
		{6F6221B5-8D10-4CC5-9B8A-D3B2F648023D}.Debug|Any CPU.Build.0 = Debug|Any CPU
		{6F6221B5-8D10-4CC5-9B8A-D3B2F648023D}.Release|Any CPU.ActiveCfg = Release|Any CPU
		{6F6221B5-8D10-4CC5-9B8A-D3B2F648023D}.Release|Any CPU.Build.0 = Release|Any CPU
		{0E785B96-43C8-487F-B709-2F3F8DD9B34F}.Debug|Any CPU.ActiveCfg = Debug|Any CPU
		{0E785B96-43C8-487F-B709-2F3F8DD9B34F}.Debug|Any CPU.Build.0 = Debug|Any CPU
		{0E785B96-43C8-487F-B709-2F3F8DD9B34F}.Release|Any CPU.ActiveCfg = Release|Any CPU
		{0E785B96-43C8-487F-B709-2F3F8DD9B34F}.Release|Any CPU.Build.0 = Release|Any CPU
		{54E87A63-A1D5-4AC1-981B-8BC59DC7FB6E}.Debug|Any CPU.ActiveCfg = Debug|Any CPU
		{54E87A63-A1D5-4AC1-981B-8BC59DC7FB6E}.Debug|Any CPU.Build.0 = Debug|Any CPU
		{54E87A63-A1D5-4AC1-981B-8BC59DC7FB6E}.Release|Any CPU.ActiveCfg = Release|Any CPU
		{54E87A63-A1D5-4AC1-981B-8BC59DC7FB6E}.Release|Any CPU.Build.0 = Release|Any CPU
		{D0DE941A-99B4-4E99-BDDF-8A55ADDCE668}.Debug|Any CPU.ActiveCfg = Debug|Any CPU
		{D0DE941A-99B4-4E99-BDDF-8A55ADDCE668}.Debug|Any CPU.Build.0 = Debug|Any CPU
		{D0DE941A-99B4-4E99-BDDF-8A55ADDCE668}.Release|Any CPU.ActiveCfg = Release|Any CPU
		{D0DE941A-99B4-4E99-BDDF-8A55ADDCE668}.Release|Any CPU.Build.0 = Release|Any CPU
		{2DF66893-5520-43F8-9245-684F2C0D569D}.Debug|Any CPU.ActiveCfg = Debug|Any CPU
		{2DF66893-5520-43F8-9245-684F2C0D569D}.Debug|Any CPU.Build.0 = Debug|Any CPU
		{2DF66893-5520-43F8-9245-684F2C0D569D}.Release|Any CPU.ActiveCfg = Release|Any CPU
		{2DF66893-5520-43F8-9245-684F2C0D569D}.Release|Any CPU.Build.0 = Release|Any CPU
	EndGlobalSection
	GlobalSection(SolutionProperties) = preSolution
		HideSolutionNode = FALSE
	EndGlobalSection
	GlobalSection(NestedProjects) = preSolution
		{44A85156-FFED-4285-9539-864F02409B62} = {DF0B7A9F-F942-4F16-8BC7-6BD464123D67}
		{F0234A57-BF81-4807-B334-6B445D659446} = {2200CFBD-EA31-4C28-AD42-7EF1A1B20FB3}
		{8AD95AC9-CB2E-4923-AF34-A406C7344653} = {2200CFBD-EA31-4C28-AD42-7EF1A1B20FB3}
		{6F6221B5-8D10-4CC5-9B8A-D3B2F648023D} = {0435BEEF-E362-4336-9CEF-568A3481260A}
		{0E785B96-43C8-487F-B709-2F3F8DD9B34F} = {0435BEEF-E362-4336-9CEF-568A3481260A}
		{54E87A63-A1D5-4AC1-981B-8BC59DC7FB6E} = {0435BEEF-E362-4336-9CEF-568A3481260A}
		{D0DE941A-99B4-4E99-BDDF-8A55ADDCE668} = {544FF4C1-1B33-4B7A-96ED-119D9B0A80C5}
		{2DF66893-5520-43F8-9245-684F2C0D569D} = {90F17947-5B3F-49E6-BF8A-DA7257C349EF}
	EndGlobalSection
	GlobalSection(ExtensibilityGlobals) = postSolution
		SolutionGuid = {DDF46116-2E3C-4D94-84AF-E9F284DC33A8}
	EndGlobalSection
EndGlobal
